{
  "version": 2,
  "dependencies": {
    "net10.0": {
      "CliWrap": {
        "type": "Direct",
        "requested": "[3.10.0, )",
        "resolved": "3.10.0",
        "contentHash": "Igph39WNImUFqQrpTeBDPafcCnM1u/8IooZHqMRF/5JdV5H78p+AbZkeYY1Nkz1WlbI/Gt2Hq/3rYh55jxRF9Q=="
      },
      "coverlet.msbuild": {
        "type": "Direct",
        "requested": "[8.0.0, )",
        "resolved": "8.0.0",
        "contentHash": "2Kd7SC2da4J8eSAUUHevT2VII53teLGIbbGXmdbdmCL/8g89BFCDAe+Qm3mF2h7nkuFxjK1SXYQxLvHd4gMm2Q=="
      },
      "FluentAssertions": {
        "type": "Direct",
        "requested": "[8.8.0, )",
        "resolved": "8.8.0",
        "contentHash": "m0kwcqBwvVel03FuMa7Ozo/oTaxYbjeNlcOhQFkyQpwX/8wks6RNl/Jnn58DCZVs6c2oG1RsCZw7HfKSaxLm3w=="
      },
      "FluentAssertions.Web.v8": {
        "type": "Direct",
        "requested": "[1.9.5, )",
        "resolved": "1.9.5",
        "contentHash": "c4YXYbfm/ZT7AXrrotTPVGvUfzS7oIgxpaSKxrbtDfQSk2UDuW1jNtVPG6pkwuYk/R3RHdzkGzGHXgMzMOJ2YA==",
        "dependencies": {
          "FluentAssertions": "8.0.0",
          "Microsoft.AspNet.WebApi.Client": "6.0.0",
          "Newtonsoft.Json": "13.0.3"
        }
      },
      "Microsoft.AspNetCore.Mvc.Testing": {
        "type": "Direct",
        "requested": "[10.0.3, )",
        "resolved": "10.0.3",
        "contentHash": "X5/O3EM4W5IgwaIsTsUgX0mg9dJMN75F6sboZKaYVi46l7M1u8o7eC5ZqlQo1+y7Ertq+XWaSzcv9W8kArTsbQ==",
        "dependencies": {
          "Microsoft.AspNetCore.TestHost": "10.0.3",
          "Microsoft.Extensions.DependencyModel": "10.0.3",
          "Microsoft.Extensions.Hosting": "10.0.3"
        }
      },
      "Microsoft.EntityFrameworkCore.InMemory": {
        "type": "Direct",
        "requested": "[10.0.3, )",
        "resolved": "10.0.3",
        "contentHash": "Gw8wef/BAHx59FiFJzgVHpccq/Qwtrghb3NzofgHZwhKxkmc9ePB7bqVhMZzrceQ4wTEwfPwD8y61FaOFPIf7Q==",
        "dependencies": {
          "Microsoft.EntityFrameworkCore": "10.0.3",
          "Microsoft.Extensions.Caching.Memory": "10.0.3",
          "Microsoft.Extensions.Logging": "10.0.3"
        }
      },
      "Microsoft.NET.Test.Sdk": {
        "type": "Direct",
        "requested": "[18.0.1, )",
        "resolved": "18.0.1",
        "contentHash": "WNpu6vI2rA0pXY4r7NKxCN16XRWl5uHu6qjuyVLoDo6oYEggIQefrMjkRuibQHm/NslIUNCcKftvoWAN80MSAg==",
        "dependencies": {
          "Microsoft.CodeCoverage": "18.0.1",
          "Microsoft.TestPlatform.TestHost": "18.0.1"
        }
      },
      "mu88.Shared": {
        "type": "Direct",
        "requested": "[8.0.0, )",
        "resolved": "8.0.0",
        "contentHash": "wMQMTl/lc1miN4Y91iE9nKdo4Hjm84VePUcTHV9G6kpgO4EL7Qi7dJf2OnFc9XwKGYej73qiViHPBNH6SX9nWw==",
        "dependencies": {
          "IDisposableAnalyzers": "4.0.8",
          "Meziantou.Analyzer": "2.0.292",
          "Microsoft.Extensions.Hosting.Abstractions": "10.0.2",
          "OpenTelemetry.Exporter.OpenTelemetryProtocol": "1.15.0",
          "OpenTelemetry.Extensions.Hosting": "1.15.0",
          "OpenTelemetry.Instrumentation.AspNetCore": "1.15.0",
          "OpenTelemetry.Instrumentation.EntityFrameworkCore": "1.0.0-beta.12",
          "OpenTelemetry.Instrumentation.Process": "0.5.0-beta.7",
          "OpenTelemetry.Instrumentation.Runtime": "1.15.0",
          "StyleCop.Analyzers": "1.1.118"
        }
      },
      "NSubstitute": {
        "type": "Direct",
        "requested": "[5.3.0, )",
        "resolved": "5.3.0",
        "contentHash": "lJ47Cps5Qzr86N99lcwd+OUvQma7+fBgr8+Mn+aOC0WrlqMNkdivaYD9IvnZ5Mqo6Ky3LS7ZI+tUq1/s9ERd0Q==",
        "dependencies": {
          "Castle.Core": "5.1.1"
        }
      },
      "NUnit": {
        "type": "Direct",
        "requested": "[4.4.0, )",
        "resolved": "4.4.0",
        "contentHash": "7IWJcT9xWNhG9dEGdgAWdH6maCE0eVbeVnizvXACKbAyxbjoJ9+WaEb8qsCTJi3hsb18AJBtoqvWa3G7YYUQfw=="
      },
      "NUnit3TestAdapter": {
        "type": "Direct",
        "requested": "[6.1.0, )",
        "resolved": "6.1.0",
        "contentHash": "H4zRIkiGyPa7RpApzXwan5vpZzu4ZDIzuKNlHFiDjOt5Irq4Y5j8r1SA7Oeo0yFCUyfiY7Jy2DTl8RnFZwpKNA==",
        "dependencies": {
          "Microsoft.Testing.Extensions.VSTestBridge": "2.0.2",
          "Microsoft.Testing.Platform.MSBuild": "2.0.2"
        }
      },
      "Testcontainers": {
        "type": "Direct",
        "requested": "[4.10.0, )",
        "resolved": "4.10.0",
        "contentHash": "a7tH+s9IRME6QEeMRgl/mTqQyudgtGNJmJRPn1+LwW8w/2L11cJzRJd7Io0QoSrP+i6lAOETX2SRY7cLbElcdQ==",
        "dependencies": {
          "Docker.DotNet.Enhanced": "3.131.1",
          "Docker.DotNet.Enhanced.X509": "3.131.1",
          "Microsoft.Extensions.Logging.Abstractions": "8.0.3",
          "SSH.NET": "2025.1.0",
          "SharpZipLib": "1.4.2"
        }
      },
      "BouncyCastle.Cryptography": {
        "type": "Transitive",
        "resolved": "2.6.2",
        "contentHash": "7oWOcvnntmMKNzDLsdxAYqApt+AjpRpP2CShjMfIa3umZ42UQMvH0tl1qAliYPNYO6vTdcGMqnRrCPmsfzTI1w=="
      },
      "Castle.Core": {
        "type": "Transitive",
        "resolved": "5.2.1",
        "contentHash": "wHARzQA695jwwKreOzNsq54KiGqKP38tv8hi8e2FXDEC/sA6BtrX90tVPDkOfVu13PbEzr00TCV8coikl+D1Iw==",
        "dependencies": {
          "System.Diagnostics.EventLog": "6.0.0"
        }
      },
      "Docker.DotNet.Enhanced": {
        "type": "Transitive",
        "resolved": "3.131.1",
        "contentHash": "hGLHCNUsQbT2Ab/HUznRnNqYZQs40zInXa3eLwYjeNyfUYbw1pqqDGqcOLl5uGepS8IuigEYakEdAcVT/2ezYg==",
        "dependencies": {
          "Microsoft.Extensions.Logging.Abstractions": "8.0.3"
        }
      },
      "Docker.DotNet.Enhanced.X509": {
        "type": "Transitive",
        "resolved": "3.131.1",
        "contentHash": "8FU7zmttFQzp0xb0EPupxQ0nGtC2cTpukgh3jMxMT8luj5TSDyzIKTnroDpXCjpg9P2fV+6JIvC+IetsMEfyBA==",
        "dependencies": {
          "Docker.DotNet.Enhanced": "3.131.1"
        }
      },
      "Humanizer.Core": {
        "type": "Transitive",
        "resolved": "2.14.1",
        "contentHash": "lQKvtaTDOXnoVJ20ibTuSIOf2i0uO0MPbDhd1jm238I+U/2ZnRENj0cktKZhtchBMtCUSRQ5v4xBCUbKNmyVMw=="
      },
      "IDisposableAnalyzers": {
        "type": "Transitive",
        "resolved": "4.0.8",
        "contentHash": "vNi4NMG0CcJyjXxiNDcQ21FwV/whM9o9OEZKD+oP7tuxAqFEzX/x5OhC3OZJqW/w+8GOtCmJPBquYgMWgz0rfQ=="
      },
      "Meziantou.Analyzer": {
        "type": "Transitive",
        "resolved": "2.0.292",
        "contentHash": "4oKm7vorrBa2iS46DlwFZfIHDrIAV4YhC3jTTMyW+uF+3Lp0xb0K6Fm/UpRTWzkddTzfbd/tvdRdfC+G3Hkeaw=="
      },
      "Microsoft.ApplicationInsights": {
        "type": "Transitive",
        "resolved": "2.23.0",
        "contentHash": "nWArUZTdU7iqZLycLKWe0TDms48KKGE6pONH2terYNa8REXiqixrMOkf1sk5DHGMaUTqONU2YkS4SAXBhLStgw=="
      },
      "Microsoft.AspNet.WebApi.Client": {
        "type": "Transitive",
        "resolved": "6.0.0",
        "contentHash": "zXeWP03dTo67AoDHUzR+/urck0KFssdCKOC+dq7Nv1V2YbFh/nIg09L0/3wSvyRONEdwxGB/ssEGmPNIIhAcAw==",
        "dependencies": {
          "Newtonsoft.Json": "13.0.1",
          "Newtonsoft.Json.Bson": "1.0.2"
        }
      },
      "Microsoft.AspNetCore.TestHost": {
        "type": "Transitive",
        "resolved": "10.0.3",
        "contentHash": "yFTm1tyLkaxmap7egZcOoCxIDviDLbiLraIFz0e4BMHUkXLnpOpPhW66rAGFuUeahmY5JPJdaUTqyCJZMy+05Q=="
      },
      "Microsoft.Build.Framework": {
        "type": "Transitive",
        "resolved": "18.0.2",
        "contentHash": "sOSb+0J4G/jCBW/YqmRuL0eOMXgfw1KQLdC9TkbvfA5xs7uNm+PBQXJCOzSJGXtZcZrtXozcwxPmUiRUbmd7FA=="
      },
      "Microsoft.CodeAnalysis.Analyzers": {
        "type": "Transitive",
        "resolved": "3.11.0",
        "contentHash": "v/EW3UE8/lbEYHoC2Qq7AR/DnmvpgdtAMndfQNmpuIMx/Mto8L5JnuCfdBYtgvalQOtfNCnxFejxuRrryvUTsg=="
      },
      "Microsoft.CodeAnalysis.Common": {
        "type": "Transitive",
        "resolved": "5.0.0",
        "contentHash": "ZXRAdvH6GiDeHRyd3q/km8Z44RoM6FBWHd+gen/la81mVnAdHTEsEkO5J0TCNXBymAcx5UYKt5TvgKBhaLJEow==",
        "dependencies": {
          "Microsoft.CodeAnalysis.Analyzers": "3.11.0"
        }
      },
      "Microsoft.CodeAnalysis.CSharp": {
        "type": "Transitive",
        "resolved": "5.0.0",
        "contentHash": "5DSyJ9bk+ATuDy7fp2Zt0mJStDVKbBoiz1DyfAwSa+k4H4IwykAUcV3URelw5b8/iVbfSaOwkwmPUZH6opZKCw==",
        "dependencies": {
          "Microsoft.CodeAnalysis.Analyzers": "3.11.0",
          "Microsoft.CodeAnalysis.Common": "[5.0.0]"
        }
      },
      "Microsoft.CodeAnalysis.CSharp.Workspaces": {
        "type": "Transitive",
        "resolved": "5.0.0",
        "contentHash": "Al/Q8B+yO8odSqGVpSvrShMFDvlQdIBU//F3E6Rb0YdiLSALE9wh/pvozPNnfmh5HDnvU+mkmSjpz4hQO++jaA==",
        "dependencies": {
          "Humanizer.Core": "2.14.1",
          "Microsoft.CodeAnalysis.Analyzers": "3.11.0",
          "Microsoft.CodeAnalysis.CSharp": "[5.0.0]",
          "Microsoft.CodeAnalysis.Common": "[5.0.0]",
          "Microsoft.CodeAnalysis.Workspaces.Common": "[5.0.0]",
          "System.Composition": "9.0.0"
        }
      },
      "Microsoft.CodeAnalysis.Workspaces.Common": {
        "type": "Transitive",
        "resolved": "5.0.0",
        "contentHash": "ZbUmIvT6lqTNKiv06Jl5wf0MTMi1vQ1oH7ou4CLcs2C/no/L7EhP3T8y3XXvn9VbqMcJaJnEsNA1jwYUMgc5jg==",
        "dependencies": {
          "Humanizer.Core": "2.14.1",
          "Microsoft.CodeAnalysis.Analyzers": "3.11.0",
          "Microsoft.CodeAnalysis.Common": "[5.0.0]",
          "System.Composition": "9.0.0"
        }
      },
      "Microsoft.CodeAnalysis.Workspaces.MSBuild": {
        "type": "Transitive",
        "resolved": "5.0.0",
        "contentHash": "/G+LVoAGMz6Ae8nm+PGLxSw+F5RjYx/J7irbTO5uKAPw1bxHyQJLc/YOnpDxt+EpPtYxvC9wvBsg/kETZp1F9Q==",
        "dependencies": {
          "Humanizer.Core": "2.14.1",
          "Microsoft.Build.Framework": "17.11.31",
          "Microsoft.CodeAnalysis.Analyzers": "3.11.0",
          "Microsoft.CodeAnalysis.Workspaces.Common": "[5.0.0]",
          "Microsoft.Extensions.DependencyInjection": "9.0.0",
          "Microsoft.Extensions.Logging": "9.0.0",
          "Microsoft.Extensions.Logging.Abstractions": "9.0.0",
          "Microsoft.Extensions.Options": "9.0.0",
          "Microsoft.Extensions.Primitives": "9.0.0",
          "Microsoft.VisualStudio.SolutionPersistence": "1.0.52",
          "Newtonsoft.Json": "13.0.3",
          "System.Composition": "9.0.0"
        }
      },
      "Microsoft.CodeCoverage": {
        "type": "Transitive",
        "resolved": "18.0.1",
        "contentHash": "O+utSr97NAJowIQT/OVp3Lh9QgW/wALVTP4RG1m2AfFP4IyJmJz0ZBmFJUsRQiAPgq6IRC0t8AAzsiPIsaUDEA=="
      },
      "Microsoft.Data.Sqlite.Core": {
        "type": "Transitive",
        "resolved": "10.0.3",
        "contentHash": "onD94qHlvteS2S9eg1T7Huehm3x92no4nU1AyDWjSmT6jDBhY8QF0UapwNhFA+1dArzxM10fV7s6uI1EIK2+dw==",
        "dependencies": {
          "SQLitePCLRaw.core": "2.1.11"
        }
      },
      "Microsoft.EntityFrameworkCore.Abstractions": {
        "type": "Transitive",
        "resolved": "10.0.3",
        "contentHash": "c7Uoz381xnMHNBRB8eHRhGgzUtXbgddlbODhwZRrTSzZWDharp3RkJsFwhxyESbeXhCqmML7VdvjMQ7uu+HreA=="
      },
      "Microsoft.EntityFrameworkCore.Analyzers": {
        "type": "Transitive",
        "resolved": "10.0.3",
        "contentHash": "lVABgJTyTUNE7Bi0bSu4dWHiCHIXEGzTh/kLh0N07IgU/tIKwTeBPp8tgV4x2iKj4h7iPLo8oXzyHmLDGtAE1g=="
      },
      "Microsoft.EntityFrameworkCore.Design": {
        "type": "Transitive",
        "resolved": "10.0.3",
        "contentHash": "OPZ/u7fONQFmnyUIDB8SeJtKnyFkj1zJsZ0Ke2Cp17q8hYs6jGmYEFd6Ne4Hdcd6auUdFdV7di+uFo2w+L34NA==",
        "dependencies": {
          "Humanizer.Core": "2.14.1",
          "Microsoft.Build.Framework": "18.0.2",
          "Microsoft.CodeAnalysis.CSharp": "5.0.0",
          "Microsoft.CodeAnalysis.CSharp.Workspaces": "5.0.0",
          "Microsoft.CodeAnalysis.Workspaces.MSBuild": "5.0.0",
          "Microsoft.EntityFrameworkCore.Relational": "10.0.3",
          "Microsoft.Extensions.Caching.Memory": "10.0.3",
          "Microsoft.Extensions.Configuration.Abstractions": "10.0.3",
          "Microsoft.Extensions.DependencyModel": "10.0.3",
          "Microsoft.Extensions.Logging": "10.0.3",
          "Mono.TextTemplating": "3.0.0",
          "Newtonsoft.Json": "13.0.3"
        }
      },
      "Microsoft.EntityFrameworkCore.Sqlite.Core": {
        "type": "Transitive",
        "resolved": "10.0.3",
        "contentHash": "bUkOkSwPqvhNlsMMg5dA/PR9S4cVehiHEIZklakRH6JZCFsEBNvUz8kBRGK8Hi6mcaPKUAmVZQkN3moZsBYZLA==",
        "dependencies": {
          "Microsoft.Data.Sqlite.Core": "10.0.3",
          "Microsoft.EntityFrameworkCore.Relational": "10.0.3",
          "Microsoft.Extensions.Caching.Memory": "10.0.3",
          "Microsoft.Extensions.Configuration.Abstractions": "10.0.3",
          "Microsoft.Extensions.DependencyModel": "10.0.3",
          "Microsoft.Extensions.Logging": "10.0.3",
          "SQLitePCLRaw.core": "2.1.11"
        }
      },
      "Microsoft.Extensions.Caching.Abstractions": {
        "type": "Transitive",
        "resolved": "10.0.3",
        "contentHash": "5dtXBvI8t3z8pF4tB38JYgi/enCL/DwSXxpqShgFz3SHJ7IzqFIMs6Gu5ik8sNZzcO9qQs3xIDpB3vDamkYG+Q==",
        "dependencies": {
          "Microsoft.Extensions.Primitives": "10.0.3"
        }
      },
      "Microsoft.Extensions.Caching.Memory": {
        "type": "Transitive",
        "resolved": "10.0.3",
        "contentHash": "No4fVh0z30SWqiWFRoA4PNdrEco6OjXvCqRFvlmRgDQqqks2bRDdeavUgWEiAX153ZAwW9loUgbxcvuP4NKQLg==",
        "dependencies": {
          "Microsoft.Extensions.Caching.Abstractions": "10.0.3",
          "Microsoft.Extensions.DependencyInjection.Abstractions": "10.0.3",
          "Microsoft.Extensions.Logging.Abstractions": "10.0.3",
          "Microsoft.Extensions.Options": "10.0.3",
          "Microsoft.Extensions.Primitives": "10.0.3"
        }
      },
      "Microsoft.Extensions.Configuration": {
        "type": "Transitive",
        "resolved": "10.0.3",
        "contentHash": "H1Cjv2xmm7O3iAGmFTcnSM0ZhLQ/7SqefmAvSJoT1PbXoxeYc2fo0mCLn2JlVbr9E6YpoU9q/o0fI9neDJB0xQ==",
        "dependencies": {
          "Microsoft.Extensions.Configuration.Abstractions": "10.0.3",
          "Microsoft.Extensions.Primitives": "10.0.3"
        }
      },
      "Microsoft.Extensions.Configuration.Abstractions": {
        "type": "Transitive",
        "resolved": "10.0.3",
        "contentHash": "xVDHL0+SIgemfh95fTO9cGLe17TWv/ZP0n7m01z8X6pzt2DmQpucioWR/mYZA1sRlkWnkXzfl0JweLNWmE9WMg==",
        "dependencies": {
          "Microsoft.Extensions.Primitives": "10.0.3"
        }
      },
      "Microsoft.Extensions.Configuration.Binder": {
        "type": "Transitive",
        "resolved": "10.0.3",
        "contentHash": "759UhpKaR5Jsll9kXpkft4z/7tpeF7Dw2rTY/9f9JchaSQTpRFNIPkZFZvoo7fFpbjUaqtDlO5aiGpmQrp/EUA==",
        "dependencies": {
          "Microsoft.Extensions.Configuration": "10.0.3",
          "Microsoft.Extensions.Configuration.Abstractions": "10.0.3"
        }
      },
      "Microsoft.Extensions.Configuration.CommandLine": {
        "type": "Transitive",
        "resolved": "10.0.3",
        "contentHash": "qVytXuCHQCIJcOsJJnp+1mNCAtiWuLqI0qhCcByFuyxDifthefEWX3fVAXbaxn1lDP2iR1KH44Oq7tvmT7dBHg==",
        "dependencies": {
          "Microsoft.Extensions.Configuration": "10.0.3",
          "Microsoft.Extensions.Configuration.Abstractions": "10.0.3"
        }
      },
      "Microsoft.Extensions.Configuration.EnvironmentVariables": {
        "type": "Transitive",
        "resolved": "10.0.3",
        "contentHash": "jBm6bpc5OM2VHM/QYVUyD78xweFzble6UsIt7GUnQAwCm07hktFaUBtRfO7viLGg5qPbc4ByteNB7DeVAYNSfA==",
        "dependencies": {
          "Microsoft.Extensions.Configuration": "10.0.3",
          "Microsoft.Extensions.Configuration.Abstractions": "10.0.3"
        }
      },
      "Microsoft.Extensions.Configuration.FileExtensions": {
        "type": "Transitive",
        "resolved": "10.0.3",
        "contentHash": "/MLsBbLpwDxsU+7DDNwasf2mKrpMSOWEL377gNZTy5waFkCYvS3GVaLIz6bvikH4rAwHrCOxHw0t/5iCoImYCA==",
        "dependencies": {
          "Microsoft.Extensions.Configuration": "10.0.3",
          "Microsoft.Extensions.Configuration.Abstractions": "10.0.3",
          "Microsoft.Extensions.FileProviders.Abstractions": "10.0.3",
          "Microsoft.Extensions.FileProviders.Physical": "10.0.3",
          "Microsoft.Extensions.Primitives": "10.0.3"
        }
      },
      "Microsoft.Extensions.Configuration.Json": {
        "type": "Transitive",
        "resolved": "10.0.3",
        "contentHash": "mGGMOA9nkET8OVsQfS41o66eWkckBzNHJK6+5VbLQ2YdyqKphcv27uDZxLf4exSl+5QxLnHkN+W/4qEDgyvCPA==",
        "dependencies": {
          "Microsoft.Extensions.Configuration": "10.0.3",
          "Microsoft.Extensions.Configuration.Abstractions": "10.0.3",
          "Microsoft.Extensions.Configuration.FileExtensions": "10.0.3",
          "Microsoft.Extensions.FileProviders.Abstractions": "10.0.3"
        }
      },
      "Microsoft.Extensions.Configuration.UserSecrets": {
        "type": "Transitive",
        "resolved": "10.0.3",
        "contentHash": "f6FiscfqlLrNUR2x7XcMqMGz5ZFRwTvezZuebIn4v2ste0nL/sEZ7pdveDXqDyonVv/QTKT8vvIEqTQCczzsOg==",
        "dependencies": {
          "Microsoft.Extensions.Configuration.Abstractions": "10.0.3",
          "Microsoft.Extensions.Configuration.Json": "10.0.3",
          "Microsoft.Extensions.FileProviders.Abstractions": "10.0.3",
          "Microsoft.Extensions.FileProviders.Physical": "10.0.3"
        }
      },
      "Microsoft.Extensions.DependencyInjection": {
        "type": "Transitive",
        "resolved": "10.0.3",
        "contentHash": "2DLOmC0EkB2smVK8lPP1PIKEgL1arE3CMp9XSIQB/Y7ev5nnnyuM/PizKJ6QfLD08QCYoopSC9SFdbYglDomYg==",
        "dependencies": {
          "Microsoft.Extensions.DependencyInjection.Abstractions": "10.0.3"
        }
      },
      "Microsoft.Extensions.DependencyInjection.Abstractions": {
        "type": "Transitive",
        "resolved": "10.0.3",
        "contentHash": "bwGMrRcAMWx2s/RDgja97p27rxSz2pEQW0+rX5cWAUWVETVJ/eyxGfjAl8vuG5a+lckWmPIE+vcuaZNVB5YDdw=="
      },
      "Microsoft.Extensions.DependencyModel": {
        "type": "Transitive",
        "resolved": "10.0.3",
        "contentHash": "31kRjr1fgdJO1UZ/AsjL2noqwht+juHMQ8c/oh8CEsDhlM2+0zwVZVsZjxSfOFiPtn5+6kRGuvSbLAufAPT0kA=="
      },
      "Microsoft.Extensions.Diagnostics": {
        "type": "Transitive",
        "resolved": "10.0.3",
        "contentHash": "tc0R6i2T+138taoxFPQXb7Sy/4rtq4ytoJrAt4fNGs6k89mHpEhZnXUNgaFKwwb5Ud5rIUeLC6tfpsuHNwiWqg==",
        "dependencies": {
          "Microsoft.Extensions.Configuration": "10.0.3",
          "Microsoft.Extensions.Diagnostics.Abstractions": "10.0.3",
          "Microsoft.Extensions.Options.ConfigurationExtensions": "10.0.3"
        }
      },
      "Microsoft.Extensions.Diagnostics.Abstractions": {
        "type": "Transitive",
        "resolved": "10.0.3",
        "contentHash": "mQiTzAj7PIJ2A9YXR5QhgulS1fTWhmQc3ckd1Mrf3hKW07d03fBDqx8vVaFw+cRTebDOeB6pNqdWdnRxsi1hBA==",
        "dependencies": {
          "Microsoft.Extensions.DependencyInjection.Abstractions": "10.0.3",
          "Microsoft.Extensions.Options": "10.0.3"
        }
      },
      "Microsoft.Extensions.Diagnostics.HealthChecks": {
        "type": "Transitive",
        "resolved": "10.0.3",
        "contentHash": "ehHItAEsfgyEaomzj+GG7wBModWKkpho7v08i1Y6FfkBA0T9qsBbcqn2PpMpYnZag+SxjIbqfeQIrLT01jGAWg==",
        "dependencies": {
          "Microsoft.Extensions.Diagnostics.HealthChecks.Abstractions": "10.0.3",
          "Microsoft.Extensions.Hosting.Abstractions": "10.0.3",
          "Microsoft.Extensions.Logging.Abstractions": "10.0.3",
          "Microsoft.Extensions.Options": "10.0.3"
        }
      },
      "Microsoft.Extensions.Diagnostics.HealthChecks.Abstractions": {
        "type": "Transitive",
        "resolved": "10.0.3",
        "contentHash": "rwGWGY2Vg+8NWS+nOLrnf47K4EM1IsTffb2oOLrUyxlsq7WbVTTwTn5BUiViMZI+lLzSGVB5ItBo6hcB65uVaA=="
      },
      "Microsoft.Extensions.FileProviders.Abstractions": {
        "type": "Transitive",
        "resolved": "10.0.3",
        "contentHash": "4TD9AXDRsipTmaemwnjt/DM5Ri0de2JzHQhvZ4woBTjUtL4XrPNsMrOk5oiLJAx1gTrE6pOIhxv+lEde5F6CZA==",
        "dependencies": {
          "Microsoft.Extensions.Primitives": "10.0.3"
        }
      },
      "Microsoft.Extensions.FileProviders.Physical": {
        "type": "Transitive",
        "resolved": "10.0.3",
        "contentHash": "8qLl5LXtcj6Z8yPbHAA/a57fvvl9nUCdi59AJFuixcWM4wSuENZ8jjoRATOKs/I4vOi/bDe0d5LqGSSLE634eA==",
        "dependencies": {
          "Microsoft.Extensions.FileProviders.Abstractions": "10.0.3",
          "Microsoft.Extensions.FileSystemGlobbing": "10.0.3",
          "Microsoft.Extensions.Primitives": "10.0.3"
        }
      },
      "Microsoft.Extensions.FileSystemGlobbing": {
        "type": "Transitive",
        "resolved": "10.0.3",
        "contentHash": "oM7pl8uJz8WRPRlh4AGQS61aeV9GOfTu89yqTiRSYyyMuCNVkbNra9zEk7ApyJ/sZrUpbjOZCRHuitCEsTWghg=="
      },
      "Microsoft.Extensions.Hosting": {
        "type": "Transitive",
        "resolved": "10.0.3",
        "contentHash": "ssbRCALcbBXfQPXLr4bZ3FVlbnDzeR0F6hPKDUCZLPQul7oBeSGaJq+XLUjwYaptOs4TN5cSy1q6LVLPWFgjKQ==",
        "dependencies": {
          "Microsoft.Extensions.Configuration": "10.0.3",
          "Microsoft.Extensions.Configuration.Abstractions": "10.0.3",
          "Microsoft.Extensions.Configuration.Binder": "10.0.3",
          "Microsoft.Extensions.Configuration.CommandLine": "10.0.3",
          "Microsoft.Extensions.Configuration.EnvironmentVariables": "10.0.3",
          "Microsoft.Extensions.Configuration.FileExtensions": "10.0.3",
          "Microsoft.Extensions.Configuration.Json": "10.0.3",
          "Microsoft.Extensions.Configuration.UserSecrets": "10.0.3",
          "Microsoft.Extensions.DependencyInjection": "10.0.3",
          "Microsoft.Extensions.DependencyInjection.Abstractions": "10.0.3",
          "Microsoft.Extensions.Diagnostics": "10.0.3",
          "Microsoft.Extensions.FileProviders.Abstractions": "10.0.3",
          "Microsoft.Extensions.FileProviders.Physical": "10.0.3",
          "Microsoft.Extensions.Hosting.Abstractions": "10.0.3",
          "Microsoft.Extensions.Logging": "10.0.3",
          "Microsoft.Extensions.Logging.Abstractions": "10.0.3",
          "Microsoft.Extensions.Logging.Configuration": "10.0.3",
          "Microsoft.Extensions.Logging.Console": "10.0.3",
          "Microsoft.Extensions.Logging.Debug": "10.0.3",
          "Microsoft.Extensions.Logging.EventLog": "10.0.3",
          "Microsoft.Extensions.Logging.EventSource": "10.0.3",
          "Microsoft.Extensions.Options": "10.0.3"
        }
      },
      "Microsoft.Extensions.Hosting.Abstractions": {
        "type": "Transitive",
        "resolved": "10.0.3",
        "contentHash": "GdMpC10Jf6poxSvUJ4lgYpJ5F/kJeaAoJmrPufjBoPYyCTKKY5Dyl0rZA+LBNvFqTq1cZa/lhlptlUhNvU6xrg==",
        "dependencies": {
          "Microsoft.Extensions.Configuration.Abstractions": "10.0.3",
          "Microsoft.Extensions.DependencyInjection.Abstractions": "10.0.3",
          "Microsoft.Extensions.Diagnostics.Abstractions": "10.0.3",
          "Microsoft.Extensions.FileProviders.Abstractions": "10.0.3",
          "Microsoft.Extensions.Logging.Abstractions": "10.0.3"
        }
      },
      "Microsoft.Extensions.Logging": {
        "type": "Transitive",
        "resolved": "10.0.3",
        "contentHash": "8D9Er1cGXNjNDIB+VLBNHn386L5ls2FoiG9a6o12gyn+GG3w6jdfUhzT8dtBnKcevE7/fsVA8MS3FBgFfClFtQ==",
        "dependencies": {
          "Microsoft.Extensions.DependencyInjection": "10.0.3",
          "Microsoft.Extensions.Logging.Abstractions": "10.0.3",
          "Microsoft.Extensions.Options": "10.0.3"
        }
      },
      "Microsoft.Extensions.Logging.Abstractions": {
        "type": "Transitive",
        "resolved": "10.0.3",
        "contentHash": "lxl0WLk7ROgBFAsjcOYjQ8/DVK+VMszxGBzUhgtQmAsTNldLL5pk9NG/cWTsXHq0lUhUEAtZkEE7jOGOA8bGKQ==",
        "dependencies": {
          "Microsoft.Extensions.DependencyInjection.Abstractions": "10.0.3"
        }
      },
      "Microsoft.Extensions.Logging.Configuration": {
        "type": "Transitive",
        "resolved": "10.0.3",
        "contentHash": "PBlaoYeusaxNYyN4WFjzcXWlUDSvLUPxy/e6oP1SONOOYA/oBWT2uBmFGJMV9VTtXiXXxCB39LqlYWbsWE4UKA==",
        "dependencies": {
          "Microsoft.Extensions.Configuration": "10.0.3",
          "Microsoft.Extensions.Configuration.Abstractions": "10.0.3",
          "Microsoft.Extensions.Configuration.Binder": "10.0.3",
          "Microsoft.Extensions.DependencyInjection.Abstractions": "10.0.3",
          "Microsoft.Extensions.Logging": "10.0.3",
          "Microsoft.Extensions.Logging.Abstractions": "10.0.3",
          "Microsoft.Extensions.Options": "10.0.3",
          "Microsoft.Extensions.Options.ConfigurationExtensions": "10.0.3"
        }
      },
      "Microsoft.Extensions.Logging.Console": {
        "type": "Transitive",
        "resolved": "10.0.3",
        "contentHash": "7sRvbBH3icaV9qil8fyBKmR+yEZ0yDU6Bq/KgBwswS36164yGaxbf7Kd4hD1iHZ2GfvyoJWWqBUBm9QX/IASAQ==",
        "dependencies": {
          "Microsoft.Extensions.DependencyInjection.Abstractions": "10.0.3",
          "Microsoft.Extensions.Logging": "10.0.3",
          "Microsoft.Extensions.Logging.Abstractions": "10.0.3",
          "Microsoft.Extensions.Logging.Configuration": "10.0.3",
          "Microsoft.Extensions.Options": "10.0.3"
        }
      },
      "Microsoft.Extensions.Logging.Debug": {
        "type": "Transitive",
        "resolved": "10.0.3",
        "contentHash": "OoH8AcYCq74ab5XUIQc84CZk54G/cU+JztiMXgNKGkomJOeuistTMg0PWPC4VXXMSVBEGWJuMDEBttOrHyXe8w==",
        "dependencies": {
          "Microsoft.Extensions.DependencyInjection.Abstractions": "10.0.3",
          "Microsoft.Extensions.Logging": "10.0.3",
          "Microsoft.Extensions.Logging.Abstractions": "10.0.3"
        }
      },
      "Microsoft.Extensions.Logging.EventLog": {
        "type": "Transitive",
        "resolved": "10.0.3",
        "contentHash": "1V1oRR+0DKyetPKI4POn7+jXH4kI1D69R/Rjje/4/BSkTM2iUCsRkr7Q0gDyXayhCXgPEf/P19kgwN5t0s/p8w==",
        "dependencies": {
          "Microsoft.Extensions.DependencyInjection.Abstractions": "10.0.3",
          "Microsoft.Extensions.Logging": "10.0.3",
          "Microsoft.Extensions.Logging.Abstractions": "10.0.3",
          "Microsoft.Extensions.Options": "10.0.3",
          "System.Diagnostics.EventLog": "10.0.3"
        }
      },
      "Microsoft.Extensions.Logging.EventSource": {
        "type": "Transitive",
        "resolved": "10.0.3",
        "contentHash": "r2hIVkSrb+f8FqcguHqlzyQ8lNGCtWsOPY9+OzJinrqdzQfszS8fXkHVcNHW4uK6WFxI2tPSiGdms2SeRJq8hg==",
        "dependencies": {
          "Microsoft.Extensions.DependencyInjection.Abstractions": "10.0.3",
          "Microsoft.Extensions.Logging": "10.0.3",
          "Microsoft.Extensions.Logging.Abstractions": "10.0.3",
          "Microsoft.Extensions.Options": "10.0.3",
          "Microsoft.Extensions.Primitives": "10.0.3"
        }
      },
      "Microsoft.Extensions.Options": {
        "type": "Transitive",
        "resolved": "10.0.3",
        "contentHash": "hU6WzGTPvPoLA2ng1ILvWQb3g0qORdlHNsxI8IcPLumJb3suimYUl+bbDzdo1V4KFsvVhnMWzysHpKbZaoDQPQ==",
        "dependencies": {
          "Microsoft.Extensions.DependencyInjection.Abstractions": "10.0.3",
          "Microsoft.Extensions.Primitives": "10.0.3"
        }
      },
      "Microsoft.Extensions.Options.ConfigurationExtensions": {
        "type": "Transitive",
        "resolved": "10.0.3",
        "contentHash": "bn6QoBbbvwmzLIFyxrnL2/e+sqoNUOGbHyfWK9DPONMv1mDCYHm/C7MusYASM31b2lUx6OiDmonb3v+dv5t0nA==",
        "dependencies": {
          "Microsoft.Extensions.Configuration.Abstractions": "10.0.3",
          "Microsoft.Extensions.Configuration.Binder": "10.0.3",
          "Microsoft.Extensions.DependencyInjection.Abstractions": "10.0.3",
          "Microsoft.Extensions.Options": "10.0.3",
          "Microsoft.Extensions.Primitives": "10.0.3"
        }
      },
      "Microsoft.Extensions.Primitives": {
        "type": "Transitive",
        "resolved": "10.0.3",
        "contentHash": "GEcpTwo7sUoLGGNTqV1FZEuL+tTD9m81NX/mh099dqGNna07/UGZShKQNZRw4hv6nlliSUwYQgSYc7OR99Jufg=="
      },
      "Microsoft.IdentityModel.Abstractions": {
        "type": "Transitive",
        "resolved": "8.14.0",
        "contentHash": "iwbCpSjD3ehfTwBhtSNEtKPK0ICun6ov7Ibx6ISNA9bfwIyzI2Siwyi9eJFCJBwxowK9xcA1mj+jBWiigeqgcQ=="
      },
      "Microsoft.IdentityModel.JsonWebTokens": {
        "type": "Transitive",
        "resolved": "8.14.0",
        "contentHash": "4jOpiA4THdtpLyMdAb24dtj7+6GmvhOhxf5XHLYWmPKF8ApEnApal1UnJsKO4HxUWRXDA6C4WQVfYyqsRhpNpQ==",
        "dependencies": {
          "Microsoft.IdentityModel.Tokens": "8.14.0"
        }
      },
      "Microsoft.IdentityModel.Logging": {
        "type": "Transitive",
        "resolved": "8.14.0",
        "contentHash": "eqqnemdW38CKZEHS6diA50BV94QICozDZEvSrsvN3SJXUFwVB9gy+/oz76gldP7nZliA16IglXjXTCTdmU/Ejg==",
        "dependencies": {
          "Microsoft.IdentityModel.Abstractions": "8.14.0"
        }
      },
      "Microsoft.IdentityModel.Tokens": {
        "type": "Transitive",
        "resolved": "8.14.0",
        "contentHash": "lKIZiBiGd36k02TCdMHp1KlNWisyIvQxcYJvIkz7P4gSQ9zi8dgh6S5Grj8NNG7HWYIPfQymGyoZ6JB5d1Lo1g==",
        "dependencies": {
          "Microsoft.Extensions.Logging.Abstractions": "8.0.0",
          "Microsoft.IdentityModel.Logging": "8.14.0"
        }
      },
      "Microsoft.OpenApi": {
        "type": "Transitive",
        "resolved": "2.0.0",
        "contentHash": "GGYLfzV/G/ct80OZ45JxnWP7NvMX1BCugn/lX7TH5o0lcVaviavsLMTxmFV2AybXWjbi3h6FF1vgZiTK6PXndw=="
      },
      "Microsoft.Testing.Extensions.Telemetry": {
        "type": "Transitive",
        "resolved": "2.0.2",
        "contentHash": "H580BvHyuADoWzlH9zRk5fqVyGucm6mhph+k40CQc9O4ie+Buxa4Pk9Q92BEClqIICqi25J7fuMII9qFYYgKtw==",
        "dependencies": {
          "Microsoft.ApplicationInsights": "2.23.0",
          "Microsoft.Testing.Platform": "2.0.2"
        }
      },
      "Microsoft.Testing.Extensions.TrxReport.Abstractions": {
        "type": "Transitive",
        "resolved": "2.0.2",
        "contentHash": "MrHYdPZ1CiyYp5bfjzNSghfVwl/I9osMazcZMAbwZY0BhR32i70YLf4zSXECvU2qt2PvDdrjYpGRgBscFbjDpw==",
        "dependencies": {
          "Microsoft.Testing.Platform": "2.0.2"
        }
      },
      "Microsoft.Testing.Extensions.VSTestBridge": {
        "type": "Transitive",
        "resolved": "2.0.2",
        "contentHash": "6WSUZyv71NmF1bhFWpNht2bskVWL/5Lcu9qxDUnnboYRiujh9w4swn/cPSbVCSGXwyMq9uKRlI9zZ+ReBO8e+Q==",
        "dependencies": {
          "Microsoft.TestPlatform.AdapterUtilities": "18.0.1",
          "Microsoft.TestPlatform.ObjectModel": "18.0.1",
          "Microsoft.Testing.Extensions.Telemetry": "2.0.2",
          "Microsoft.Testing.Extensions.TrxReport.Abstractions": "2.0.2",
          "Microsoft.Testing.Platform": "2.0.2"
        }
      },
      "Microsoft.Testing.Platform": {
        "type": "Transitive",
        "resolved": "2.0.2",
        "contentHash": "43NCOTEENtdc9fmlzX9KHQR14AZEYek5r4jOJlWPhTyV1+aYAQYl4x773nYXU5TKxV6+rMuniJ7wcj9C9qrP1A=="
      },
      "Microsoft.Testing.Platform.MSBuild": {
        "type": "Transitive",
        "resolved": "2.0.2",
        "contentHash": "2zKkQKaUoaKgb/3AekboWOdLMh4upCo1nLWQnjGzp8r9YjiNOZRrzTsJQ3A4U03AcbH0evlIvFDKYSUqmTVuug==",
        "dependencies": {
          "Microsoft.Testing.Platform": "2.0.2"
        }
      },
      "Microsoft.TestPlatform.AdapterUtilities": {
        "type": "Transitive",
        "resolved": "18.0.1",
        "contentHash": "gXIugDKnACB8p93+9dFnMdE7vvs0ZrjjDltdGC4VylbKK7gPegWYASGjryVkIDvFr56Ulx4UDIKsB71qYHJBWg=="
      },
      "Microsoft.TestPlatform.ObjectModel": {
        "type": "Transitive",
        "resolved": "18.0.1",
        "contentHash": "qT/mwMcLF9BieRkzOBPL2qCopl8hQu6A1P7JWAoj/FMu5i9vds/7cjbJ/LLtaiwWevWLAeD5v5wjQJ/l6jvhWQ=="
      },
      "Microsoft.TestPlatform.TestHost": {
        "type": "Transitive",
        "resolved": "18.0.1",
        "contentHash": "uDJKAEjFTaa2wHdWlfo6ektyoh+WD4/Eesrwb4FpBFKsLGehhACVnwwTI4qD3FrIlIEPlxdXg3SyrYRIcO+RRQ==",
        "dependencies": {
          "Microsoft.TestPlatform.ObjectModel": "18.0.1",
          "Newtonsoft.Json": "13.0.3"
        }
      },
      "Microsoft.VisualStudio.SolutionPersistence": {
        "type": "Transitive",
        "resolved": "1.0.52",
        "contentHash": "oNv2JtYXhpdJrX63nibx1JT3uCESOBQ1LAk7Dtz/sr0+laW0KRM6eKp4CZ3MHDR2siIkKsY8MmUkeP5DKkQQ5w=="
      },
      "Mono.TextTemplating": {
        "type": "Transitive",
        "resolved": "3.0.0",
        "contentHash": "YqueG52R/Xej4VVbKuRIodjiAhV0HR/XVbLbNrJhCZnzjnSjgMJ/dCdV0akQQxavX6hp/LC6rqLGLcXeQYU7XA==",
        "dependencies": {
          "System.CodeDom": "6.0.0"
        }
      },
      "Newtonsoft.Json": {
        "type": "Transitive",
        "resolved": "13.0.3",
        "contentHash": "HrC5BXdl00IP9zeV+0Z848QWPAoCr9P3bDEZguI+gkLcBKAOxix/tLEAAHC+UvDNPv4a2d18lOReHMOagPa+zQ=="
      },
      "Newtonsoft.Json.Bson": {
        "type": "Transitive",
        "resolved": "1.0.2",
        "contentHash": "QYFyxhaABwmq3p/21VrZNYvCg3DaEoN/wUuw5nmfAf0X3HLjgupwhkEWdgfb9nvGAUIv3osmZoD3kKl4jxEmYQ==",
        "dependencies": {
          "Newtonsoft.Json": "12.0.1"
        }
      },
      "OpenTelemetry": {
        "type": "Transitive",
        "resolved": "1.15.0",
        "contentHash": "7mS/oZFF8S6xyqGQfMU1btp0nXJQUPWV535Vp/XMLYwRAUv36xQN+U4vufWBF1+z4HnRTOwuFHtUSGnHbyN6FQ==",
        "dependencies": {
          "Microsoft.Extensions.Diagnostics.Abstractions": "10.0.0",
          "Microsoft.Extensions.Logging.Configuration": "10.0.0",
          "OpenTelemetry.Api.ProviderBuilderExtensions": "1.15.0"
        }
      },
      "OpenTelemetry.Api": {
        "type": "Transitive",
        "resolved": "1.15.0",
        "contentHash": "vk5OGdf6K9kQScCWo3bRjhDWCv6Pqw92IpX4dlARZ8B1WL7/2NGTDtCkkw42eQf7UdwyoHKzVvMH/PtL8d6z7w=="
      },
      "OpenTelemetry.Api.ProviderBuilderExtensions": {
        "type": "Transitive",
        "resolved": "1.15.0",
        "contentHash": "OnuSUlRpGvowkOzGFQfy+KZFu0cITfKfh2IYJJiZskxVJiOuexwOOuvfDAgpJdmTzVWAHjYdz2shcHZaJ06UjQ==",
        "dependencies": {
          "Microsoft.Extensions.DependencyInjection.Abstractions": "10.0.0",
          "OpenTelemetry.Api": "1.15.0"
        }
      },
      "OpenTelemetry.Exporter.OpenTelemetryProtocol": {
        "type": "Transitive",
        "resolved": "1.15.0",
        "contentHash": "VH8ANc/js9IRvfYt0Q2UaAxNCOWm+IU+vWrtoH7pfx4oWPVdISUt+9uWfBCFMWZg5WzQip5dhslyDjeyZXXfSQ==",
        "dependencies": {
          "OpenTelemetry": "1.15.0"
        }
      },
      "OpenTelemetry.Extensions.Hosting": {
        "type": "Transitive",
        "resolved": "1.15.0",
        "contentHash": "RixjKyB1pbYGhWdvPto4KJs+exdQknJsnjUO9WszdLles5Vcd0EYzxPNJdwmLjYfP+Jfbr4B5nktM4ZgeHSWtg==",
        "dependencies": {
          "Microsoft.Extensions.Hosting.Abstractions": "10.0.0",
          "OpenTelemetry": "1.15.0"
        }
      },
      "OpenTelemetry.Instrumentation.AspNetCore": {
        "type": "Transitive",
        "resolved": "1.15.0",
        "contentHash": "mte1nRYefxjed2syXgVWq3UCfMKO7MkebvTZmf0O1aLgVgCktLsVjQ6mftyjIbWGBBCHN0wg+Glxj8BSFS70pQ==",
        "dependencies": {
          "OpenTelemetry.Api.ProviderBuilderExtensions": "[1.15.0, 2.0.0)"
        }
      },
      "OpenTelemetry.Instrumentation.EntityFrameworkCore": {
        "type": "Transitive",
        "resolved": "1.0.0-beta.12",
        "contentHash": "L/wZDi3MXyL2OsaxykjNovTgNhGq0kVtWNcCoqzOctxYMnCUGAQHYA9XwZGpad1vnnFxHOcN3oW4qFAQuYpKUA==",
        "dependencies": {
          "Microsoft.Extensions.Options": "8.0.0",
          "OpenTelemetry.Api.ProviderBuilderExtensions": "[1.9.0, 2.0.0)"
        }
      },
      "OpenTelemetry.Instrumentation.Process": {
        "type": "Transitive",
        "resolved": "0.5.0-beta.7",
        "contentHash": "v+g5CPU/sJhyc1FTOgTaQTwvrQXquSxdndF+E3fS8SXYPLVAa2INHa8jqCFKvYp1rO+yaVizRw1gCOaDJJzauA==",
        "dependencies": {
          "OpenTelemetry.Api": "[1.9.0, 2.0.0)"
        }
      },
      "OpenTelemetry.Instrumentation.Runtime": {
        "type": "Transitive",
        "resolved": "1.15.0",
        "contentHash": "OOvpqR/j2Pb6+tWhHNODIbSJ53Or/MDtTiXEyrsWI02K2lLAgvBFcxUOrHggS/8015cYR3AdSaXv6NZrkz5yQA==",
        "dependencies": {
          "OpenTelemetry.Api": "[1.15.0, 2.0.0)"
        }
      },
      "SharpZipLib": {
        "type": "Transitive",
        "resolved": "1.4.2",
        "contentHash": "yjj+3zgz8zgXpiiC3ZdF/iyTBbz2fFvMxZFEBPUcwZjIvXOf37Ylm+K58hqMfIBt5JgU/Z2uoUS67JmTLe973A=="
      },
      "SQLitePCLRaw.bundle_e_sqlite3": {
        "type": "Transitive",
        "resolved": "2.1.11",
        "contentHash": "DC4nA7yWnf4UZdgJDF+9Mus4/cb0Y3Sfgi3gDnAoKNAIBwzkskNAbNbyu+u4atT0ruVlZNJfwZmwiEwE5oz9LQ==",
        "dependencies": {
          "SQLitePCLRaw.lib.e_sqlite3": "2.1.11",
          "SQLitePCLRaw.provider.e_sqlite3": "2.1.11"
        }
      },
      "SQLitePCLRaw.core": {
        "type": "Transitive",
        "resolved": "2.1.11",
        "contentHash": "PK0GLFkfhZzLQeR3PJf71FmhtHox+U3vcY6ZtswoMjrefkB9k6ErNJEnwXqc5KgXDSjige2XXrezqS39gkpQKA=="
      },
      "SQLitePCLRaw.lib.e_sqlite3": {
        "type": "Transitive",
        "resolved": "2.1.11",
        "contentHash": "Ev2ytaXiOlWZ4b3R67GZBsemTINslLD1DCJr2xiacpn4tbapu0Q4dHEzSvZSMnVWeE5nlObU3VZN2p81q3XOYQ=="
      },
      "SQLitePCLRaw.provider.e_sqlite3": {
        "type": "Transitive",
        "resolved": "2.1.11",
        "contentHash": "Y/0ZkR+r0Cg3DQFuCl1RBnv/tmxpIZRU3HUvelPw6MVaKHwYYR8YNvgs0vuNuXCMvlyJ+Fh88U1D4tah1tt6qw==",
        "dependencies": {
          "SQLitePCLRaw.core": "2.1.11"
        }
      },
      "SSH.NET": {
        "type": "Transitive",
        "resolved": "2025.1.0",
        "contentHash": "jrnbtf0ItVaXAe6jE8X/kSLa6uC+0C+7W1vepcnRQB/rD88qy4IxG7Lf1FIbWmkoc4iVXv0pKrz+Wc6J4ngmHw==",
        "dependencies": {
          "BouncyCastle.Cryptography": "2.6.2",
          "Microsoft.Extensions.Logging.Abstractions": "8.0.3"
        }
      },
      "StyleCop.Analyzers": {
        "type": "Transitive",
        "resolved": "1.1.118",
        "contentHash": "Onx6ovGSqXSK07n/0eM3ZusiNdB6cIlJdabQhWGgJp3Vooy9AaLS/tigeybOJAobqbtggTamoWndz72JscZBvw=="
      },
      "System.CodeDom": {
        "type": "Transitive",
        "resolved": "6.0.0",
        "contentHash": "CPc6tWO1LAer3IzfZufDBRL+UZQcj5uS207NHALQzP84Vp/z6wF0Aa0YZImOQY8iStY0A2zI/e3ihKNPfUm8XA=="
      },
      "System.Composition": {
        "type": "Transitive",
        "resolved": "9.0.0",
        "contentHash": "3Djj70fFTraOarSKmRnmRy/zm4YurICm+kiCtI0dYRqGJnLX6nJ+G3WYuFJ173cAPax/gh96REcbNiVqcrypFQ==",
        "dependencies": {
          "System.Composition.AttributedModel": "9.0.0",
          "System.Composition.Convention": "9.0.0",
          "System.Composition.Hosting": "9.0.0",
          "System.Composition.Runtime": "9.0.0",
          "System.Composition.TypedParts": "9.0.0"
        }
      },
      "System.Composition.AttributedModel": {
        "type": "Transitive",
        "resolved": "9.0.0",
        "contentHash": "iri00l/zIX9g4lHMY+Nz0qV1n40+jFYAmgsaiNn16xvt2RDwlqByNG4wgblagnDYxm3YSQQ0jLlC/7Xlk9CzyA=="
      },
      "System.Composition.Convention": {
        "type": "Transitive",
        "resolved": "9.0.0",
        "contentHash": "+vuqVP6xpi582XIjJi6OCsIxuoTZfR0M7WWufk3uGDeCl3wGW6KnpylUJ3iiXdPByPE0vR5TjJgR6hDLez4FQg==",
        "dependencies": {
          "System.Composition.AttributedModel": "9.0.0"
        }
      },
      "System.Composition.Hosting": {
        "type": "Transitive",
        "resolved": "9.0.0",
        "contentHash": "OFqSeFeJYr7kHxDfaViGM1ymk7d4JxK//VSoNF9Ux0gpqkLsauDZpu89kTHHNdCWfSljbFcvAafGyBoY094btQ==",
        "dependencies": {
          "System.Composition.Runtime": "9.0.0"
        }
      },
      "System.Composition.Runtime": {
        "type": "Transitive",
        "resolved": "9.0.0",
        "contentHash": "w1HOlQY1zsOWYussjFGZCEYF2UZXgvoYnS94NIu2CBnAGMbXFAX8PY8c92KwUItPmowal68jnVLBCzdrWLeEKA=="
      },
      "System.Composition.TypedParts": {
        "type": "Transitive",
        "resolved": "9.0.0",
        "contentHash": "aRZlojCCGEHDKqh43jaDgaVpYETsgd7Nx4g1zwLKMtv4iTo0627715ajEFNpEEBTgLmvZuv8K0EVxc3sM4NWJA==",
        "dependencies": {
          "System.Composition.AttributedModel": "9.0.0",
          "System.Composition.Hosting": "9.0.0",
          "System.Composition.Runtime": "9.0.0"
        }
      },
      "System.Diagnostics.EventLog": {
        "type": "Transitive",
        "resolved": "10.0.3",
        "contentHash": "+bZnyzt0/vt4g3QSllhsRNGTpa09p7Juy5K8spcK73cOTOefu4+HoY89hZOgIOmzB5A4hqPyEDKnzra7KKnhZw=="
      },
      "bizdbaccess": {
        "type": "Project",
        "dependencies": {
          "DataLayer": "[6.0.0, )",
          "mu88.Shared": "[8.0.0, )"
        }
      },
      "bizlogic": {
        "type": "Project",
        "dependencies": {
          "AutoMapper": "[16.0.0, )",
          "BizDbAccess": "[6.0.0, )",
          "DTO": "[6.0.0, )",
          "DataLayer": "[6.0.0, )",
          "mu88.Shared": "[8.0.0, )"
        }
      },
      "datalayer": {
        "type": "Project",
        "dependencies": {
          "JetBrains.Annotations": "[2025.2.4, )",
          "Microsoft.EntityFrameworkCore": "[10.0.3, )",
          "Microsoft.EntityFrameworkCore.Relational": "[10.0.3, )",
          "mu88.Shared": "[8.0.0, )"
        }
      },
      "dto": {
        "type": "Project",
        "dependencies": {
          "AutoMapper": "[16.0.0, )",
          "DataLayer": "[6.0.0, )",
          "mu88.Shared": "[8.0.0, )"
        }
      },
      "servicelayer": {
        "type": "Project",
        "dependencies": {
          "AutoMapper": "[16.0.0, )",
          "BizLogic": "[6.0.0, )",
          "DTO": "[6.0.0, )",
          "DataLayer": "[6.0.0, )",
          "mu88.Shared": "[8.0.0, )"
        }
      },
      "shopandeat": {
        "type": "Project",
        "dependencies": {
          "BizDbAccess": "[6.0.0, )",
          "BizLogic": "[6.0.0, )",
          "DTO": "[6.0.0, )",
          "Microsoft.AspNetCore.OpenApi": "[10.0.3, )",
          "Microsoft.EntityFrameworkCore.InMemory": "[10.0.3, )",
          "Microsoft.EntityFrameworkCore.Proxies": "[10.0.3, )",
          "Microsoft.EntityFrameworkCore.Sqlite": "[10.0.3, )",
          "Microsoft.EntityFrameworkCore.Tools": "[10.0.3, )",
          "Microsoft.Extensions.Diagnostics.HealthChecks.EntityFrameworkCore": "[10.0.3, )",
          "Scalar.AspNetCore": "[2.12.41, )",
          "ServiceLayer": "[6.0.0, )",
          "mu88.Shared": "[8.0.0, )"
        }
      },
      "AutoMapper": {
        "type": "CentralTransitive",
        "requested": "[16.0.0, )",
        "resolved": "16.0.0",
        "contentHash": "JIhkKjEsUcIPPbCR7cGQlH3a2ySLW2Tof6CXcJb5WbaoUkniREpJOlC2ROkaM/nck2b5JjptLIUdHvbItGvLGQ==",
        "dependencies": {
          "Microsoft.Extensions.Logging.Abstractions": "10.0.0",
          "Microsoft.Extensions.Options": "10.0.0",
          "Microsoft.IdentityModel.JsonWebTokens": "8.14.0"
        }
      },
      "JetBrains.Annotations": {
        "type": "CentralTransitive",
        "requested": "[2025.2.4, )",
        "resolved": "2025.2.4",
        "contentHash": "TwbgxAkXxY+vNEhNVx/QXjJ4vqxmepOjsgRvvImQPbHkHMMb4W+ahL3laMsxXKtNT7iMy+E1B3xkqao2hf1n3A=="
      },
      "Microsoft.AspNetCore.OpenApi": {
        "type": "CentralTransitive",
        "requested": "[10.0.3, )",
        "resolved": "10.0.3",
        "contentHash": "SAvSrKDgnY5GDjDAngOXxPhUvEKlTU/0zIq8zidqHvh/xnZBPs0Vc4LqwyvnmnafNnyUaivtRABz4K4wodXfSg==",
        "dependencies": {
          "Microsoft.OpenApi": "2.0.0"
        }
      },
      "Microsoft.EntityFrameworkCore": {
        "type": "CentralTransitive",
        "requested": "[10.0.3, )",
        "resolved": "10.0.3",
        "contentHash": "CDEImwD4A7BseABJMCpLZnhfFjmPY/bHwhhS70elc6gLI/bYUEOhxWt7PmaNGYGhIEzOnStlCy5QcVb+8dod5Q==",
        "dependencies": {
          "Microsoft.EntityFrameworkCore.Abstractions": "10.0.3",
          "Microsoft.EntityFrameworkCore.Analyzers": "10.0.3",
          "Microsoft.Extensions.Caching.Memory": "10.0.3",
          "Microsoft.Extensions.Logging": "10.0.3"
        }
      },
      "Microsoft.EntityFrameworkCore.Proxies": {
        "type": "CentralTransitive",
        "requested": "[10.0.3, )",
        "resolved": "10.0.3",
        "contentHash": "UvSX5/7x9hvtK0j/bNDlR/T+/eSqXzOr2PW3I6C2EDRMJiDjhDAnHoEslmY3N+flq3iEEkIMznyMP+lpz2VBdQ==",
        "dependencies": {
          "Castle.Core": "5.2.1",
          "Microsoft.EntityFrameworkCore": "10.0.3",
          "Microsoft.Extensions.Caching.Memory": "10.0.3",
          "Microsoft.Extensions.Logging": "10.0.3"
        }
      },
      "Microsoft.EntityFrameworkCore.Relational": {
        "type": "CentralTransitive",
        "requested": "[10.0.3, )",
        "resolved": "10.0.3",
        "contentHash": "Pmh60OK9neVr/M0FJwm9hlzm2bD4Kd65SID8E6SP5c90tExNgXwORrlEWl0oGU/ig9ifpNN4PSpIrnHNozlT5w==",
        "dependencies": {
          "Microsoft.EntityFrameworkCore": "10.0.3",
          "Microsoft.Extensions.Caching.Memory": "10.0.3",
          "Microsoft.Extensions.Configuration.Abstractions": "10.0.3",
          "Microsoft.Extensions.Logging": "10.0.3"
        }
      },
      "Microsoft.EntityFrameworkCore.Sqlite": {
        "type": "CentralTransitive",
        "requested": "[10.0.3, )",
        "resolved": "10.0.3",
        "contentHash": "pXP9l00ZzsZuS6ajUJFLHi5vt3vVxHaxQXCwRs73tyqNbjPX/4ac114wyfAepMSmUKq0roFFoTZ7h+1K1+iQjQ==",
        "dependencies": {
          "Microsoft.EntityFrameworkCore.Sqlite.Core": "10.0.3",
          "Microsoft.Extensions.Caching.Memory": "10.0.3",
          "Microsoft.Extensions.Configuration.Abstractions": "10.0.3",
          "Microsoft.Extensions.DependencyModel": "10.0.3",
          "Microsoft.Extensions.Logging": "10.0.3",
          "SQLitePCLRaw.bundle_e_sqlite3": "2.1.11",
          "SQLitePCLRaw.core": "2.1.11"
        }
      },
      "Microsoft.EntityFrameworkCore.Tools": {
        "type": "CentralTransitive",
        "requested": "[10.0.3, )",
        "resolved": "10.0.3",
        "contentHash": "m6DcnrjYfYwNrxcLjchzehd7kLEVGo33Vq83O2y6GXtEgAL0JdBTWtqZzGuRa/8YFcrEUxfYlsSpu4w1SdYcAg==",
        "dependencies": {
          "Microsoft.EntityFrameworkCore.Design": "10.0.3"
        }
      },
      "Microsoft.Extensions.Diagnostics.HealthChecks.EntityFrameworkCore": {
        "type": "CentralTransitive",
        "requested": "[10.0.3, )",
        "resolved": "10.0.3",
        "contentHash": "iS+BIH8VkzR9ox57Jm6YLlYW9VfcaDL5b05f8acl2lK9goVDJJq6qbfuLarW9PDf3Vrxv05SEk8bYQkhZDfVow==",
        "dependencies": {
          "Microsoft.EntityFrameworkCore.Relational": "10.0.3",
          "Microsoft.Extensions.Diagnostics.HealthChecks": "10.0.3",
          "Microsoft.Extensions.Diagnostics.HealthChecks.Abstractions": "10.0.3"
        }
      },
      "Scalar.AspNetCore": {
        "type": "CentralTransitive",
        "requested": "[2.12.41, )",
        "resolved": "2.12.41",
        "contentHash": "uO90maY4ayqLHq+LFPKgRxPBlI8GPYOLLv5VkPvenG75p7pQ8lUb3jpQWxe02GeKgivyxlxJ1tNsIlCpHg1S6w=="
      }
    }
  }
}