{
  "version": 2,
  "dependencies": {
    "net10.0": {
      "Microsoft.AspNetCore.App.Internal.Assets": {
        "type": "Direct",
        "requested": "[10.0.1, )",
        "resolved": "10.0.1",
        "contentHash": "rafnWkNfJPA0nCZ5u9bFLiIhCv+aGDWBPJMejuROFMHEpsNhTdv8Cvhv+2jIH+b5485FhndbiwOQJUBMeBa6BQ=="
      },
      "Microsoft.AspNetCore.OpenApi": {
        "type": "Direct",
        "requested": "[10.0.0, )",
        "resolved": "10.0.0",
        "contentHash": "0aqIF1t+sA2T62LIeMtXGSiaV7keGQaJnvwwmu+htQdjCaKYARfXAeqp4nHH9y2etpilyZ/tnQzZg4Ilmo/c4Q==",
        "dependencies": {
          "Microsoft.OpenApi": "2.0.0"
        }
      },
      "Microsoft.EntityFrameworkCore.InMemory": {
        "type": "Direct",
        "requested": "[10.0.0, )",
        "resolved": "10.0.0",
        "contentHash": "06yN/NR9bOM7GjUR1hnucciiK8nrr0bs7MP6RKCdHQp5BCcR4P9zemtlz6aznJms1xvybPzKwESTtoC6XMAPQQ==",
        "dependencies": {
          "Microsoft.EntityFrameworkCore": "10.0.0"
        }
      },
      "Microsoft.EntityFrameworkCore.Proxies": {
        "type": "Direct",
        "requested": "[10.0.0, )",
        "resolved": "10.0.0",
        "contentHash": "zskhc/SHCORogkdZZpPupe189/mj52PxzU21/MyOxTHD+7cwv0KD5B54szd9WdT0fapz5NULJ+PzvNiDn3AqCg==",
        "dependencies": {
          "Castle.Core": "5.2.1",
          "Microsoft.EntityFrameworkCore": "10.0.0"
        }
      },
      "Microsoft.EntityFrameworkCore.Sqlite": {
        "type": "Direct",
        "requested": "[10.0.0, )",
        "resolved": "10.0.0",
        "contentHash": "nukHe+yBlhitLUUtkanay7zTbHwtcIh/U5PfmwzZJJTCqui9h2Mt+Gifc9ZjJR7QIuE0zgNQQJaI8+eFxkBaEQ==",
        "dependencies": {
          "Microsoft.EntityFrameworkCore.Sqlite.Core": "10.0.0",
          "Microsoft.Extensions.DependencyModel": "10.0.0",
          "SQLitePCLRaw.bundle_e_sqlite3": "2.1.11",
          "SQLitePCLRaw.core": "2.1.11"
        }
      },
      "Microsoft.EntityFrameworkCore.Tools": {
        "type": "Direct",
        "requested": "[10.0.0, )",
        "resolved": "10.0.0",
        "contentHash": "Gx6AWCf1CsBHTbvVVWBYBKp6hrwZt0IgBigoBPaybwOBG2EFIfZc7NP2BoR6r56YuuikbPIzCuvQuFYNnX43+A==",
        "dependencies": {
          "Microsoft.EntityFrameworkCore.Design": "10.0.0"
        }
      },
      "Microsoft.Extensions.Diagnostics.HealthChecks.EntityFrameworkCore": {
        "type": "Direct",
        "requested": "[10.0.0, )",
        "resolved": "10.0.0",
        "contentHash": "ND74bTLuvcrhpEPQU8QZwOrq08zPPj76Ev/60SX1juVKLSSnbknXNoOzNYMPJn3xvhyDHmqU3Hvb/aYV3uvvhQ==",
        "dependencies": {
          "Microsoft.EntityFrameworkCore.Relational": "10.0.0"
        }
      },
      "mu88.Shared": {
        "type": "Direct",
        "requested": "[4.1.0, )",
        "resolved": "4.1.0",
        "contentHash": "cyb58m/5zspmN0a6TpSR29VSFNB4xlPEcni16QOw3cQMcNGEG/5g4ls3hpvSL1AWBZ2HfZuj6aOPYyRS2Kk8DA==",
        "dependencies": {
          "IDisposableAnalyzers": "4.0.8",
          "Meziantou.Analyzer": "2.0.257",
          "OpenTelemetry.Exporter.OpenTelemetryProtocol": "1.14.0",
          "OpenTelemetry.Extensions.Hosting": "1.14.0",
          "OpenTelemetry.Instrumentation.AspNetCore": "1.14.0",
          "OpenTelemetry.Instrumentation.EntityFrameworkCore": "1.0.0-beta.12",
          "OpenTelemetry.Instrumentation.Process": "0.5.0-beta.7",
          "OpenTelemetry.Instrumentation.Runtime": "1.14.0",
          "StyleCop.Analyzers": "1.1.118"
        }
      },
      "Scalar.AspNetCore": {
        "type": "Direct",
        "requested": "[2.11.0, )",
        "resolved": "2.11.0",
        "contentHash": "zOV12+2VE6Tsb3U3YRtJtVABmzbAEPEkiYLAckHBgUuj6suarSp3kA4HE3UU9kNQmJrU6xrD5GTOAtwVENMgJQ=="
      },
      "Castle.Core": {
        "type": "Transitive",
        "resolved": "5.2.1",
        "contentHash": "wHARzQA695jwwKreOzNsq54KiGqKP38tv8hi8e2FXDEC/sA6BtrX90tVPDkOfVu13PbEzr00TCV8coikl+D1Iw=="
      },
      "Humanizer.Core": {
        "type": "Transitive",
        "resolved": "2.14.1",
        "contentHash": "lQKvtaTDOXnoVJ20ibTuSIOf2i0uO0MPbDhd1jm238I+U/2ZnRENj0cktKZhtchBMtCUSRQ5v4xBCUbKNmyVMw=="
      },
      "IDisposableAnalyzers": {
        "type": "Transitive",
        "resolved": "4.0.8",
        "contentHash": "vNi4NMG0CcJyjXxiNDcQ21FwV/whM9o9OEZKD+oP7tuxAqFEzX/x5OhC3OZJqW/w+8GOtCmJPBquYgMWgz0rfQ=="
      },
      "Meziantou.Analyzer": {
        "type": "Transitive",
        "resolved": "2.0.257",
        "contentHash": "HADbzZ4rto3boQpWyXIFFc9bxDPviscCXiSQWOTICKD1OJ4gwa9aMfANoQngOk/2en3I9YAHwQ0WXxVMzCTJ+A=="
      },
      "Microsoft.Build": {
        "type": "Transitive",
        "resolved": "17.7.2",
        "contentHash": "AmWnumxsMiRycFfE3kq/XnFFTAoPpCWl3UuiKQWCa5Z0+hBKVoiydzS2iXJGd3x+jry+qaTR9GzoezjV9NFT5A==",
        "dependencies": {
          "Microsoft.Build.Framework": "17.7.2",
          "Microsoft.NET.StringTools": "17.7.2",
          "System.Configuration.ConfigurationManager": "7.0.0",
          "System.Reflection.MetadataLoadContext": "7.0.0",
          "System.Security.Permissions": "7.0.0"
        }
      },
      "Microsoft.Build.Framework": {
        "type": "Transitive",
        "resolved": "17.14.28",
        "contentHash": "wRcyTzGV0LRAtFdrddtioh59Ky4/zbvyraP0cQkDzRSRkhgAQb0K88D/JNC6VHLIXanRi3mtV1jU0uQkBwmiVg=="
      },
      "Microsoft.Build.Tasks.Core": {
        "type": "Transitive",
        "resolved": "17.14.28",
        "contentHash": "jk3O0tXp9QWPXhLJ7Pl8wm/eGtGgA1++vwHGWEmnwMU6eP//ghtcCUpQh9CQMwEKGDnH0aJf285V1s8yiSlKfQ==",
        "dependencies": {
          "Microsoft.Build.Framework": "17.14.28",
          "Microsoft.Build.Utilities.Core": "17.14.28",
          "Microsoft.NET.StringTools": "17.14.28",
          "System.CodeDom": "9.0.0",
          "System.Configuration.ConfigurationManager": "9.0.0",
          "System.Formats.Nrbf": "9.0.0",
          "System.Resources.Extensions": "9.0.0",
          "System.Security.Cryptography.Pkcs": "9.0.0",
          "System.Security.Cryptography.ProtectedData": "9.0.0"
        }
      },
      "Microsoft.Build.Utilities.Core": {
        "type": "Transitive",
        "resolved": "17.14.28",
        "contentHash": "rhSdPo8QfLXXWM+rY0x0z1G4KK4ZhMoIbHROyDj8MUBFab9nvHR0NaMnjzOgXldhmD2zi2ir8d6xCatNzlhF5g==",
        "dependencies": {
          "Microsoft.Build.Framework": "17.14.28",
          "Microsoft.NET.StringTools": "17.14.28",
          "System.Configuration.ConfigurationManager": "9.0.0",
          "System.Security.Cryptography.ProtectedData": "9.0.0"
        }
      },
      "Microsoft.CodeAnalysis.Analyzers": {
        "type": "Transitive",
        "resolved": "3.11.0",
        "contentHash": "v/EW3UE8/lbEYHoC2Qq7AR/DnmvpgdtAMndfQNmpuIMx/Mto8L5JnuCfdBYtgvalQOtfNCnxFejxuRrryvUTsg=="
      },
      "Microsoft.CodeAnalysis.Common": {
        "type": "Transitive",
        "resolved": "4.14.0",
        "contentHash": "PC3tuwZYnC+idaPuoC/AZpEdwrtX7qFpmnrfQkgobGIWiYmGi5MCRtl5mx6QrfMGQpK78X2lfIEoZDLg/qnuHg==",
        "dependencies": {
          "Microsoft.CodeAnalysis.Analyzers": "3.11.0"
        }
      },
      "Microsoft.CodeAnalysis.CSharp": {
        "type": "Transitive",
        "resolved": "4.14.0",
        "contentHash": "568a6wcTivauIhbeWcCwfWwIn7UV7MeHEBvFB2uzGIpM2OhJ4eM/FZ8KS0yhPoNxnSpjGzz7x7CIjTxhslojQA==",
        "dependencies": {
          "Microsoft.CodeAnalysis.Analyzers": "3.11.0",
          "Microsoft.CodeAnalysis.Common": "[4.14.0]"
        }
      },
      "Microsoft.CodeAnalysis.CSharp.Workspaces": {
        "type": "Transitive",
        "resolved": "4.14.0",
        "contentHash": "QkgCEM4qJo6gdtblXtNgHqtykS61fxW+820hx5JN6n9DD4mQtqNB+6fPeJ3GQWg6jkkGz6oG9yZq7H3Gf0zwYw==",
        "dependencies": {
          "Humanizer.Core": "2.14.1",
          "Microsoft.CodeAnalysis.Analyzers": "3.11.0",
          "Microsoft.CodeAnalysis.CSharp": "[4.14.0]",
          "Microsoft.CodeAnalysis.Common": "[4.14.0]",
          "Microsoft.CodeAnalysis.Workspaces.Common": "[4.14.0]",
          "System.Composition": "9.0.0"
        }
      },
      "Microsoft.CodeAnalysis.Workspaces.Common": {
        "type": "Transitive",
        "resolved": "4.14.0",
        "contentHash": "wNVK9JrqjqDC/WgBUFV6henDfrW87NPfo98nzah/+M/G1D6sBOPtXwqce3UQNn+6AjTnmkHYN1WV9XmTlPemTw==",
        "dependencies": {
          "Humanizer.Core": "2.14.1",
          "Microsoft.CodeAnalysis.Analyzers": "3.11.0",
          "Microsoft.CodeAnalysis.Common": "[4.14.0]",
          "System.Composition": "9.0.0"
        }
      },
      "Microsoft.CodeAnalysis.Workspaces.MSBuild": {
        "type": "Transitive",
        "resolved": "4.14.0",
        "contentHash": "YU7Sguzm1Cuhi2U6S0DRKcVpqAdBd2QmatpyE0KqYMJogJ9E27KHOWGUzAOjsyjAM7sNaUk+a8VPz24knDseFw==",
        "dependencies": {
          "Humanizer.Core": "2.14.1",
          "Microsoft.Build": "17.7.2",
          "Microsoft.Build.Framework": "17.7.2",
          "Microsoft.Build.Tasks.Core": "17.7.2",
          "Microsoft.Build.Utilities.Core": "17.7.2",
          "Microsoft.CodeAnalysis.Analyzers": "3.11.0",
          "Microsoft.CodeAnalysis.Workspaces.Common": "[4.14.0]",
          "Newtonsoft.Json": "13.0.3",
          "System.CodeDom": "7.0.0",
          "System.Composition": "9.0.0",
          "System.Configuration.ConfigurationManager": "9.0.0",
          "System.Resources.Extensions": "9.0.0",
          "System.Security.Cryptography.Pkcs": "7.0.2",
          "System.Security.Cryptography.ProtectedData": "9.0.0",
          "System.Security.Permissions": "9.0.0",
          "System.Windows.Extensions": "9.0.0"
        }
      },
      "Microsoft.Data.Sqlite.Core": {
        "type": "Transitive",
        "resolved": "10.0.0",
        "contentHash": "wPKG/Ym6tSMCo06UOZXzVfeFGzawnOZrTba/R3PfK+RhNuNELZ9I7nFns4WGTtv2kKlrlmmErgJ+kgTXHaNdHg==",
        "dependencies": {
          "SQLitePCLRaw.core": "2.1.11"
        }
      },
      "Microsoft.EntityFrameworkCore.Abstractions": {
        "type": "Transitive",
        "resolved": "10.0.0",
        "contentHash": "C+TT9k7f1GQ8agOfV512K9iwrzi76RXVSDiLx+iWC9pz3QhEpSF1Dyk+FpVvd8ULQ+rqymfM8KQ7g48ttQVyMg=="
      },
      "Microsoft.EntityFrameworkCore.Analyzers": {
        "type": "Transitive",
        "resolved": "10.0.0",
        "contentHash": "TxHQq0kn0tpYs2ljeRl8jtmWk720B0nteqI6mAZM77HWJpYT9Zj8SkkBBlj8K3Yeq18a6NBjz6YutE+shEk4Ag=="
      },
      "Microsoft.EntityFrameworkCore.Design": {
        "type": "Transitive",
        "resolved": "10.0.0",
        "contentHash": "R7BeFniEpBrHw8kKVtWiMG4PRAwJ4K1RZoQWB32Ak8ws3uvYH98DVp9Y2UBUgbwY5lR9wPlrxp7P3GGDQ7LUSQ==",
        "dependencies": {
          "Humanizer.Core": "2.14.1",
          "Microsoft.Build.Framework": "17.14.28",
          "Microsoft.Build.Tasks.Core": "17.14.28",
          "Microsoft.Build.Utilities.Core": "17.14.28",
          "Microsoft.CodeAnalysis.CSharp": "4.14.0",
          "Microsoft.CodeAnalysis.CSharp.Workspaces": "4.14.0",
          "Microsoft.CodeAnalysis.Workspaces.MSBuild": "4.14.0",
          "Microsoft.EntityFrameworkCore.Relational": "10.0.0",
          "Microsoft.Extensions.DependencyModel": "10.0.0",
          "Mono.TextTemplating": "3.0.0",
          "Newtonsoft.Json": "13.0.3"
        }
      },
      "Microsoft.EntityFrameworkCore.Sqlite.Core": {
        "type": "Transitive",
        "resolved": "10.0.0",
        "contentHash": "VThKv9UqVxFEuuHvjAgMwy6ZFCeKJXOH+ISAR4IMuwlkozv26ptZhr09+6YxWrWwSR/Sinp8BxQ7qePCJFSALQ==",
        "dependencies": {
          "Microsoft.Data.Sqlite.Core": "10.0.0",
          "Microsoft.EntityFrameworkCore.Relational": "10.0.0",
          "Microsoft.Extensions.DependencyModel": "10.0.0",
          "SQLitePCLRaw.core": "2.1.11"
        }
      },
      "Microsoft.Extensions.DependencyModel": {
        "type": "Transitive",
        "resolved": "10.0.0",
        "contentHash": "RFYJR7APio/BiqdQunRq6DB+nDB6nc2qhHr77mlvZ0q0BT8PubMXN7XicmfzCbrDE/dzhBnUKBRXLTcqUiZDGg=="
      },
      "Microsoft.IdentityModel.Abstractions": {
        "type": "Transitive",
        "resolved": "8.14.0",
        "contentHash": "iwbCpSjD3ehfTwBhtSNEtKPK0ICun6ov7Ibx6ISNA9bfwIyzI2Siwyi9eJFCJBwxowK9xcA1mj+jBWiigeqgcQ=="
      },
      "Microsoft.IdentityModel.JsonWebTokens": {
        "type": "Transitive",
        "resolved": "8.14.0",
        "contentHash": "4jOpiA4THdtpLyMdAb24dtj7+6GmvhOhxf5XHLYWmPKF8ApEnApal1UnJsKO4HxUWRXDA6C4WQVfYyqsRhpNpQ==",
        "dependencies": {
          "Microsoft.IdentityModel.Tokens": "8.14.0"
        }
      },
      "Microsoft.IdentityModel.Logging": {
        "type": "Transitive",
        "resolved": "8.14.0",
        "contentHash": "eqqnemdW38CKZEHS6diA50BV94QICozDZEvSrsvN3SJXUFwVB9gy+/oz76gldP7nZliA16IglXjXTCTdmU/Ejg==",
        "dependencies": {
          "Microsoft.IdentityModel.Abstractions": "8.14.0"
        }
      },
      "Microsoft.IdentityModel.Tokens": {
        "type": "Transitive",
        "resolved": "8.14.0",
        "contentHash": "lKIZiBiGd36k02TCdMHp1KlNWisyIvQxcYJvIkz7P4gSQ9zi8dgh6S5Grj8NNG7HWYIPfQymGyoZ6JB5d1Lo1g==",
        "dependencies": {
          "Microsoft.IdentityModel.Logging": "8.14.0"
        }
      },
      "Microsoft.NET.StringTools": {
        "type": "Transitive",
        "resolved": "17.14.28",
        "contentHash": "DMIeWDlxe0Wz0DIhJZ2FMoGQAN2yrGZOi5jjFhRYHWR5ONd0CS6IpAHlRnA7uA/5BF+BADvgsETxW2XrPiFc1A=="
      },
      "Microsoft.OpenApi": {
        "type": "Transitive",
        "resolved": "2.0.0",
        "contentHash": "GGYLfzV/G/ct80OZ45JxnWP7NvMX1BCugn/lX7TH5o0lcVaviavsLMTxmFV2AybXWjbi3h6FF1vgZiTK6PXndw=="
      },
      "Mono.TextTemplating": {
        "type": "Transitive",
        "resolved": "3.0.0",
        "contentHash": "YqueG52R/Xej4VVbKuRIodjiAhV0HR/XVbLbNrJhCZnzjnSjgMJ/dCdV0akQQxavX6hp/LC6rqLGLcXeQYU7XA==",
        "dependencies": {
          "System.CodeDom": "6.0.0"
        }
      },
      "Newtonsoft.Json": {
        "type": "Transitive",
        "resolved": "13.0.3",
        "contentHash": "HrC5BXdl00IP9zeV+0Z848QWPAoCr9P3bDEZguI+gkLcBKAOxix/tLEAAHC+UvDNPv4a2d18lOReHMOagPa+zQ=="
      },
      "OpenTelemetry": {
        "type": "Transitive",
        "resolved": "1.14.0",
        "contentHash": "aiPBAr1+0dPDItH++MQQr5UgMf4xiybruzNlAoYYMYN3UUk+mGRcoKuZy4Z4rhhWUZIpK2Xhe7wUUXSTM32duQ==",
        "dependencies": {
          "OpenTelemetry.Api.ProviderBuilderExtensions": "1.14.0"
        }
      },
      "OpenTelemetry.Api": {
        "type": "Transitive",
        "resolved": "1.14.0",
        "contentHash": "foHci6viUw1f3gUB8qzz3Rk02xZIWMo299X0rxK0MoOWok/3dUVru+KKdY7WIoSHwRGpxGKkmAz9jIk2RFNbsQ=="
      },
      "OpenTelemetry.Api.ProviderBuilderExtensions": {
        "type": "Transitive",
        "resolved": "1.14.0",
        "contentHash": "i/lxOM92v+zU5I0rGl5tXAGz6EJtxk2MvzZ0VN6F6L5pMqT6s6RCXnGWXg6fW+vtZJsllBlQaf/VLPTzgefJpg==",
        "dependencies": {
          "OpenTelemetry.Api": "1.14.0"
        }
      },
      "OpenTelemetry.Exporter.OpenTelemetryProtocol": {
        "type": "Transitive",
        "resolved": "1.14.0",
        "contentHash": "7ELExeje+T/KOywHuHwZBGQNtYlepUaYRFXWgoEaT1iKpFJVwOlE1Y2+uqHI2QQmah0Ue+XgRmDy924vWHfJ6Q==",
        "dependencies": {
          "OpenTelemetry": "1.14.0"
        }
      },
      "OpenTelemetry.Extensions.Hosting": {
        "type": "Transitive",
        "resolved": "1.14.0",
        "contentHash": "ZAxkCIa3Q3YWZ1sGrolXfkhPqn2PFSz2Cel74em/fATZgY5ixlw6MQp2icmqKCz4C7M1W2G0b92K3rX8mOtFRg==",
        "dependencies": {
          "OpenTelemetry": "1.14.0"
        }
      },
      "OpenTelemetry.Instrumentation.AspNetCore": {
        "type": "Transitive",
        "resolved": "1.14.0",
        "contentHash": "NQAQpFa3a4ofPUYwxcwtNPGpuRNwwx1HM7MnLEESYjYkhfhER+PqqGywW65rWd7bJEc1/IaL+xbmHH99pYDE0A==",
        "dependencies": {
          "OpenTelemetry.Api.ProviderBuilderExtensions": "[1.14.0, 2.0.0)"
        }
      },
      "OpenTelemetry.Instrumentation.EntityFrameworkCore": {
        "type": "Transitive",
        "resolved": "1.0.0-beta.12",
        "contentHash": "L/wZDi3MXyL2OsaxykjNovTgNhGq0kVtWNcCoqzOctxYMnCUGAQHYA9XwZGpad1vnnFxHOcN3oW4qFAQuYpKUA==",
        "dependencies": {
          "OpenTelemetry.Api.ProviderBuilderExtensions": "[1.9.0, 2.0.0)"
        }
      },
      "OpenTelemetry.Instrumentation.Process": {
        "type": "Transitive",
        "resolved": "0.5.0-beta.7",
        "contentHash": "v+g5CPU/sJhyc1FTOgTaQTwvrQXquSxdndF+E3fS8SXYPLVAa2INHa8jqCFKvYp1rO+yaVizRw1gCOaDJJzauA==",
        "dependencies": {
          "OpenTelemetry.Api": "[1.9.0, 2.0.0)"
        }
      },
      "OpenTelemetry.Instrumentation.Runtime": {
        "type": "Transitive",
        "resolved": "1.14.0",
        "contentHash": "Z6o4JDOQaKv6bInAYZxuyxxfMKr6hFpwLnKEgQ+q+oBNA9Fm1sysjFCOzRzk7U0WD86LsRPXX+chv1vJIg7cfg==",
        "dependencies": {
          "OpenTelemetry.Api": "[1.14.0, 2.0.0)"
        }
      },
      "SQLitePCLRaw.bundle_e_sqlite3": {
        "type": "Transitive",
        "resolved": "2.1.11",
        "contentHash": "DC4nA7yWnf4UZdgJDF+9Mus4/cb0Y3Sfgi3gDnAoKNAIBwzkskNAbNbyu+u4atT0ruVlZNJfwZmwiEwE5oz9LQ==",
        "dependencies": {
          "SQLitePCLRaw.lib.e_sqlite3": "2.1.11",
          "SQLitePCLRaw.provider.e_sqlite3": "2.1.11"
        }
      },
      "SQLitePCLRaw.core": {
        "type": "Transitive",
        "resolved": "2.1.11",
        "contentHash": "PK0GLFkfhZzLQeR3PJf71FmhtHox+U3vcY6ZtswoMjrefkB9k6ErNJEnwXqc5KgXDSjige2XXrezqS39gkpQKA=="
      },
      "SQLitePCLRaw.lib.e_sqlite3": {
        "type": "Transitive",
        "resolved": "2.1.11",
        "contentHash": "Ev2ytaXiOlWZ4b3R67GZBsemTINslLD1DCJr2xiacpn4tbapu0Q4dHEzSvZSMnVWeE5nlObU3VZN2p81q3XOYQ=="
      },
      "SQLitePCLRaw.provider.e_sqlite3": {
        "type": "Transitive",
        "resolved": "2.1.11",
        "contentHash": "Y/0ZkR+r0Cg3DQFuCl1RBnv/tmxpIZRU3HUvelPw6MVaKHwYYR8YNvgs0vuNuXCMvlyJ+Fh88U1D4tah1tt6qw==",
        "dependencies": {
          "SQLitePCLRaw.core": "2.1.11"
        }
      },
      "StyleCop.Analyzers": {
        "type": "Transitive",
        "resolved": "1.1.118",
        "contentHash": "Onx6ovGSqXSK07n/0eM3ZusiNdB6cIlJdabQhWGgJp3Vooy9AaLS/tigeybOJAobqbtggTamoWndz72JscZBvw=="
      },
      "System.CodeDom": {
        "type": "Transitive",
        "resolved": "9.0.0",
        "contentHash": "oTE5IfuMoET8yaZP/vdvy9xO47guAv/rOhe4DODuFBN3ySprcQOlXqO3j+e/H/YpKKR5sglrxRaZ2HYOhNJrqA=="
      },
      "System.Composition": {
        "type": "Transitive",
        "resolved": "9.0.0",
        "contentHash": "3Djj70fFTraOarSKmRnmRy/zm4YurICm+kiCtI0dYRqGJnLX6nJ+G3WYuFJ173cAPax/gh96REcbNiVqcrypFQ==",
        "dependencies": {
          "System.Composition.AttributedModel": "9.0.0",
          "System.Composition.Convention": "9.0.0",
          "System.Composition.Hosting": "9.0.0",
          "System.Composition.Runtime": "9.0.0",
          "System.Composition.TypedParts": "9.0.0"
        }
      },
      "System.Composition.AttributedModel": {
        "type": "Transitive",
        "resolved": "9.0.0",
        "contentHash": "iri00l/zIX9g4lHMY+Nz0qV1n40+jFYAmgsaiNn16xvt2RDwlqByNG4wgblagnDYxm3YSQQ0jLlC/7Xlk9CzyA=="
      },
      "System.Composition.Convention": {
        "type": "Transitive",
        "resolved": "9.0.0",
        "contentHash": "+vuqVP6xpi582XIjJi6OCsIxuoTZfR0M7WWufk3uGDeCl3wGW6KnpylUJ3iiXdPByPE0vR5TjJgR6hDLez4FQg==",
        "dependencies": {
          "System.Composition.AttributedModel": "9.0.0"
        }
      },
      "System.Composition.Hosting": {
        "type": "Transitive",
        "resolved": "9.0.0",
        "contentHash": "OFqSeFeJYr7kHxDfaViGM1ymk7d4JxK//VSoNF9Ux0gpqkLsauDZpu89kTHHNdCWfSljbFcvAafGyBoY094btQ==",
        "dependencies": {
          "System.Composition.Runtime": "9.0.0"
        }
      },
      "System.Composition.Runtime": {
        "type": "Transitive",
        "resolved": "9.0.0",
        "contentHash": "w1HOlQY1zsOWYussjFGZCEYF2UZXgvoYnS94NIu2CBnAGMbXFAX8PY8c92KwUItPmowal68jnVLBCzdrWLeEKA=="
      },
      "System.Composition.TypedParts": {
        "type": "Transitive",
        "resolved": "9.0.0",
        "contentHash": "aRZlojCCGEHDKqh43jaDgaVpYETsgd7Nx4g1zwLKMtv4iTo0627715ajEFNpEEBTgLmvZuv8K0EVxc3sM4NWJA==",
        "dependencies": {
          "System.Composition.AttributedModel": "9.0.0",
          "System.Composition.Hosting": "9.0.0",
          "System.Composition.Runtime": "9.0.0"
        }
      },
      "System.Configuration.ConfigurationManager": {
        "type": "Transitive",
        "resolved": "9.0.0",
        "contentHash": "PdkuMrwDhXoKFo/JxISIi9E8L+QGn9Iquj2OKDWHB6Y/HnUOuBouF7uS3R4Hw3FoNmwwMo6hWgazQdyHIIs27A==",
        "dependencies": {
          "System.Security.Cryptography.ProtectedData": "9.0.0"
        }
      },
      "System.Formats.Nrbf": {
        "type": "Transitive",
        "resolved": "9.0.0",
        "contentHash": "F/6tNE+ckmdFeSQAyQo26bQOqfPFKEfZcuqnp4kBE6/7jP26diP+QTHCJJ6vpEfaY6bLy+hBLiIQUSxSmNwLkA=="
      },
      "System.Reflection.MetadataLoadContext": {
        "type": "Transitive",
        "resolved": "7.0.0",
        "contentHash": "z9PvtMJra5hK8n+g0wmPtaG7HQRZpTmIPRw5Z0LEemlcdQMHuTD5D7OAY/fZuuz1L9db++QOcDF0gJTLpbMtZQ=="
      },
      "System.Resources.Extensions": {
        "type": "Transitive",
        "resolved": "9.0.0",
        "contentHash": "tvhuT1D2OwPROdL1kRWtaTJliQo0WdyhvwDpd8RM997G7m3Hya5nhbYhNTS75x6Vu+ypSOgL5qxDCn8IROtCxw==",
        "dependencies": {
          "System.Formats.Nrbf": "9.0.0"
        }
      },
      "System.Security.Cryptography.Pkcs": {
        "type": "Transitive",
        "resolved": "9.0.0",
        "contentHash": "8tluJF8w9si+2yoHeL8rgVJS6lKvWomTDC8px65Z8MCzzdME5eaPtEQf4OfVGrAxB5fW93ncucy1+221O9EQaw=="
      },
      "System.Security.Cryptography.ProtectedData": {
        "type": "Transitive",
        "resolved": "9.0.0",
        "contentHash": "CJW+x/F6fmRQ7N6K8paasTw9PDZp4t7G76UjGNlSDgoHPF0h08vTzLYbLZpOLEJSg35d5wy2jCXGo84EN05DpQ=="
      },
      "System.Security.Permissions": {
        "type": "Transitive",
        "resolved": "9.0.0",
        "contentHash": "H2VFD4SFVxieywNxn9/epb63/IOcPPfA0WOtfkljzNfu7GCcHIBQNuwP6zGCEIi7Ci/oj8aLPUNK9sYImMFf4Q==",
        "dependencies": {
          "System.Windows.Extensions": "9.0.0"
        }
      },
      "System.Windows.Extensions": {
        "type": "Transitive",
        "resolved": "9.0.0",
        "contentHash": "U9msthvnH2Fsw7xwAvIhNHOdnIjOQTwOc8Vd0oGOsiRcGMGoBFlUD6qtYawRUoQdKH9ysxesZ9juFElt1Jw/7A=="
      },
      "bizdbaccess": {
        "type": "Project",
        "dependencies": {
          "DataLayer": "[5.0.0, )",
          "mu88.Shared": "[4.1.0, )"
        }
      },
      "bizlogic": {
        "type": "Project",
        "dependencies": {
          "AutoMapper": "[16.0.0, )",
          "BizDbAccess": "[5.0.0, )",
          "DTO": "[5.0.0, )",
          "DataLayer": "[5.0.0, )",
          "mu88.Shared": "[4.1.0, )"
        }
      },
      "datalayer": {
        "type": "Project",
        "dependencies": {
          "JetBrains.Annotations": "[2025.2.2, )",
          "Microsoft.EntityFrameworkCore": "[10.0.0, )",
          "Microsoft.EntityFrameworkCore.Relational": "[10.0.0, )",
          "mu88.Shared": "[4.1.0, )"
        }
      },
      "dto": {
        "type": "Project",
        "dependencies": {
          "AutoMapper": "[16.0.0, )",
          "DataLayer": "[5.0.0, )",
          "mu88.Shared": "[4.1.0, )"
        }
      },
      "servicelayer": {
        "type": "Project",
        "dependencies": {
          "AutoMapper": "[16.0.0, )",
          "BizLogic": "[5.0.0, )",
          "DTO": "[5.0.0, )",
          "DataLayer": "[5.0.0, )",
          "mu88.Shared": "[4.1.0, )"
        }
      },
      "AutoMapper": {
        "type": "CentralTransitive",
        "requested": "[16.0.0, )",
        "resolved": "16.0.0",
        "contentHash": "JIhkKjEsUcIPPbCR7cGQlH3a2ySLW2Tof6CXcJb5WbaoUkniREpJOlC2ROkaM/nck2b5JjptLIUdHvbItGvLGQ==",
        "dependencies": {
          "Microsoft.IdentityModel.JsonWebTokens": "8.14.0"
        }
      },
      "JetBrains.Annotations": {
        "type": "CentralTransitive",
        "requested": "[2025.2.2, )",
        "resolved": "2025.2.2",
        "contentHash": "0X56ZRizuHdrnPpgXjWV7f2tQO1FlQg5O1967OGKnI/4ZRNOK642J8L7brM1nYvrxTTU5TP1yRyXLRLaXLPQ8A=="
      },
      "Microsoft.EntityFrameworkCore": {
        "type": "CentralTransitive",
        "requested": "[10.0.0, )",
        "resolved": "10.0.0",
        "contentHash": "hHa2amRjMyBLUH/KTML6FgIAhZ0VFYkhCKwWEax0rO6iNeM1P5MflyeQLE5dniSIOZHc3Oqyv5UIyTFO4e1Auw==",
        "dependencies": {
          "Microsoft.EntityFrameworkCore.Abstractions": "10.0.0",
          "Microsoft.EntityFrameworkCore.Analyzers": "10.0.0"
        }
      },
      "Microsoft.EntityFrameworkCore.Relational": {
        "type": "CentralTransitive",
        "requested": "[10.0.0, )",
        "resolved": "10.0.0",
        "contentHash": "A3MX1ee7RDxWCUdx/KqP+74fbksz0UIhkVZh56YHvbPkEKsffCXgHU3LGkRDwqR/MrBNWLCWC/IVX79tzM30ZA==",
        "dependencies": {
          "Microsoft.EntityFrameworkCore": "10.0.0"
        }
      }
    },
    "net10.0/linux-arm64": {
      "SQLitePCLRaw.lib.e_sqlite3": {
        "type": "Transitive",
        "resolved": "2.1.11",
        "contentHash": "Ev2ytaXiOlWZ4b3R67GZBsemTINslLD1DCJr2xiacpn4tbapu0Q4dHEzSvZSMnVWeE5nlObU3VZN2p81q3XOYQ=="
      },
      "System.Security.Cryptography.Pkcs": {
        "type": "Transitive",
        "resolved": "9.0.0",
        "contentHash": "8tluJF8w9si+2yoHeL8rgVJS6lKvWomTDC8px65Z8MCzzdME5eaPtEQf4OfVGrAxB5fW93ncucy1+221O9EQaw=="
      },
      "System.Windows.Extensions": {
        "type": "Transitive",
        "resolved": "9.0.0",
        "contentHash": "U9msthvnH2Fsw7xwAvIhNHOdnIjOQTwOc8Vd0oGOsiRcGMGoBFlUD6qtYawRUoQdKH9ysxesZ9juFElt1Jw/7A=="
      }
    },
    "net10.0/linux-x64": {
      "SQLitePCLRaw.lib.e_sqlite3": {
        "type": "Transitive",
        "resolved": "2.1.11",
        "contentHash": "Ev2ytaXiOlWZ4b3R67GZBsemTINslLD1DCJr2xiacpn4tbapu0Q4dHEzSvZSMnVWeE5nlObU3VZN2p81q3XOYQ=="
      },
      "System.Security.Cryptography.Pkcs": {
        "type": "Transitive",
        "resolved": "9.0.0",
        "contentHash": "8tluJF8w9si+2yoHeL8rgVJS6lKvWomTDC8px65Z8MCzzdME5eaPtEQf4OfVGrAxB5fW93ncucy1+221O9EQaw=="
      },
      "System.Windows.Extensions": {
        "type": "Transitive",
        "resolved": "9.0.0",
        "contentHash": "U9msthvnH2Fsw7xwAvIhNHOdnIjOQTwOc8Vd0oGOsiRcGMGoBFlUD6qtYawRUoQdKH9ysxesZ9juFElt1Jw/7A=="
      }
    }
  }
}